// !$*UTF8*$!
{
	archiveVersion = 1;
	classes = {
	};
	objectVersion = 55;
	objects = {

/* Begin PBXBuildFile section */
		A46766C928A86E480072D588 /* RootView.swift in Sources */ = {isa = PBXBuildFile; fileRef = A46766C828A86E480072D588 /* RootView.swift */; };
		A46766CC28A86F100072D588 /* PokemonListView.swift in Sources */ = {isa = PBXBuildFile; fileRef = A46766CB28A86F100072D588 /* PokemonListView.swift */; };
		A46766CE28A870AB0072D588 /* TextField+Extensions.swift in Sources */ = {isa = PBXBuildFile; fileRef = A46766CD28A870AB0072D588 /* TextField+Extensions.swift */; };
		A46766D128A872280072D588 /* PokemonTextField.swift in Sources */ = {isa = PBXBuildFile; fileRef = A46766D028A872280072D588 /* PokemonTextField.swift */; };
		A46766D328A8773B0072D588 /* PokemonGrid.swift in Sources */ = {isa = PBXBuildFile; fileRef = A46766D228A8773B0072D588 /* PokemonGrid.swift */; };
		A4A456A328A81FFE00CE5E05 /* AppConfigurations.swift in Sources */ = {isa = PBXBuildFile; fileRef = A4A456A228A81FFE00CE5E05 /* AppConfigurations.swift */; };
		A4A456A528A822C000CE5E05 /* Launch.storyboard in Resources */ = {isa = PBXBuildFile; fileRef = A4A456A428A822C000CE5E05 /* Launch.storyboard */; };
		A4B63CFB28AB0BFA005A6060 /* PokemonDetailsView.swift in Sources */ = {isa = PBXBuildFile; fileRef = A4B63CFA28AB0BFA005A6060 /* PokemonDetailsView.swift */; };
		A4B63D1B28AB3425005A6060 /* NetworkerTests.swift in Sources */ = {isa = PBXBuildFile; fileRef = A4B63D1A28AB3425005A6060 /* NetworkerTests.swift */; };
		A4B63D1D28AB3487005A6060 /* Networker.swift in Sources */ = {isa = PBXBuildFile; fileRef = A4B63D1C28AB3487005A6060 /* Networker.swift */; };
		A4B63D2028AB540E005A6060 /* MockPost.swift in Sources */ = {isa = PBXBuildFile; fileRef = A4B63D1F28AB540E005A6060 /* MockPost.swift */; };
		A4CD9AB528A811C500E8D2A0 /* PokedexApp.swift in Sources */ = {isa = PBXBuildFile; fileRef = A4CD9AB428A811C500E8D2A0 /* PokedexApp.swift */; };
		A4CD9AB928A811C700E8D2A0 /* Assets.xcassets in Resources */ = {isa = PBXBuildFile; fileRef = A4CD9AB828A811C700E8D2A0 /* Assets.xcassets */; };
		A4CD9ABC28A811C700E8D2A0 /* Preview Assets.xcassets in Resources */ = {isa = PBXBuildFile; fileRef = A4CD9ABB28A811C700E8D2A0 /* Preview Assets.xcassets */; };
		A4CD9AEA28A81B2400E8D2A0 /* TitilliumWeb-SemiBold.ttf in Resources */ = {isa = PBXBuildFile; fileRef = A4CD9ADF28A81B2400E8D2A0 /* TitilliumWeb-SemiBold.ttf */; };
		A4CD9AEB28A81B2400E8D2A0 /* TitilliumWeb-BoldItalic.ttf in Resources */ = {isa = PBXBuildFile; fileRef = A4CD9AE028A81B2400E8D2A0 /* TitilliumWeb-BoldItalic.ttf */; };
		A4CD9AEC28A81B2400E8D2A0 /* TitilliumWeb-ExtraLight.ttf in Resources */ = {isa = PBXBuildFile; fileRef = A4CD9AE128A81B2400E8D2A0 /* TitilliumWeb-ExtraLight.ttf */; };
		A4CD9AED28A81B2400E8D2A0 /* TitilliumWeb-Italic.ttf in Resources */ = {isa = PBXBuildFile; fileRef = A4CD9AE228A81B2400E8D2A0 /* TitilliumWeb-Italic.ttf */; };
		A4CD9AEE28A81B2400E8D2A0 /* TitilliumWeb-Light.ttf in Resources */ = {isa = PBXBuildFile; fileRef = A4CD9AE328A81B2400E8D2A0 /* TitilliumWeb-Light.ttf */; };
		A4CD9AEF28A81B2400E8D2A0 /* TitilliumWeb-Black.ttf in Resources */ = {isa = PBXBuildFile; fileRef = A4CD9AE428A81B2400E8D2A0 /* TitilliumWeb-Black.ttf */; };
		A4CD9AF028A81B2400E8D2A0 /* TitilliumWeb-ExtraLightItalic.ttf in Resources */ = {isa = PBXBuildFile; fileRef = A4CD9AE528A81B2400E8D2A0 /* TitilliumWeb-ExtraLightItalic.ttf */; };
		A4CD9AF128A81B2400E8D2A0 /* TitilliumWeb-LightItalic.ttf in Resources */ = {isa = PBXBuildFile; fileRef = A4CD9AE628A81B2400E8D2A0 /* TitilliumWeb-LightItalic.ttf */; };
		A4CD9AF228A81B2400E8D2A0 /* TitilliumWeb-SemiBoldItalic.ttf in Resources */ = {isa = PBXBuildFile; fileRef = A4CD9AE728A81B2400E8D2A0 /* TitilliumWeb-SemiBoldItalic.ttf */; };
		A4CD9AF328A81B2400E8D2A0 /* TitilliumWeb-Bold.ttf in Resources */ = {isa = PBXBuildFile; fileRef = A4CD9AE828A81B2400E8D2A0 /* TitilliumWeb-Bold.ttf */; };
		A4CD9AF428A81B2400E8D2A0 /* TitilliumWeb-Regular.ttf in Resources */ = {isa = PBXBuildFile; fileRef = A4CD9AE928A81B2400E8D2A0 /* TitilliumWeb-Regular.ttf */; };
		A4CD9AFA28A81C3200E8D2A0 /* Text+Extensions.swift in Sources */ = {isa = PBXBuildFile; fileRef = A4CD9AF928A81C3200E8D2A0 /* Text+Extensions.swift */; };
		A4D116E228A9BB2E00DF5204 /* PokemonCell.swift in Sources */ = {isa = PBXBuildFile; fileRef = A4D116E128A9BB2E00DF5204 /* PokemonCell.swift */; };
/* End PBXBuildFile section */

/* Begin PBXContainerItemProxy section */
		A4CD9AC228A811C700E8D2A0 /* PBXContainerItemProxy */ = {
			isa = PBXContainerItemProxy;
			containerPortal = A4CD9AA928A811C500E8D2A0 /* Project object */;
			proxyType = 1;
			remoteGlobalIDString = A4CD9AB028A811C500E8D2A0;
			remoteInfo = Pokedex;
		};
/* End PBXContainerItemProxy section */

/* Begin PBXFileReference section */
		A46766C828A86E480072D588 /* RootView.swift */ = {isa = PBXFileReference; lastKnownFileType = sourcecode.swift; path = RootView.swift; sourceTree = "<group>"; };
		A46766CB28A86F100072D588 /* PokemonListView.swift */ = {isa = PBXFileReference; lastKnownFileType = sourcecode.swift; path = PokemonListView.swift; sourceTree = "<group>"; };
		A46766CD28A870AB0072D588 /* TextField+Extensions.swift */ = {isa = PBXFileReference; lastKnownFileType = sourcecode.swift; path = "TextField+Extensions.swift"; sourceTree = "<group>"; };
		A46766D028A872280072D588 /* PokemonTextField.swift */ = {isa = PBXFileReference; lastKnownFileType = sourcecode.swift; path = PokemonTextField.swift; sourceTree = "<group>"; };
		A46766D228A8773B0072D588 /* PokemonGrid.swift */ = {isa = PBXFileReference; lastKnownFileType = sourcecode.swift; path = PokemonGrid.swift; sourceTree = "<group>"; };
		A4A456A228A81FFE00CE5E05 /* AppConfigurations.swift */ = {isa = PBXFileReference; lastKnownFileType = sourcecode.swift; path = AppConfigurations.swift; sourceTree = "<group>"; };
		A4A456A428A822C000CE5E05 /* Launch.storyboard */ = {isa = PBXFileReference; lastKnownFileType = file.storyboard; path = Launch.storyboard; sourceTree = "<group>"; };
		A4B63CFA28AB0BFA005A6060 /* PokemonDetailsView.swift */ = {isa = PBXFileReference; lastKnownFileType = sourcecode.swift; path = PokemonDetailsView.swift; sourceTree = "<group>"; };
		A4B63D1A28AB3425005A6060 /* NetworkerTests.swift */ = {isa = PBXFileReference; lastKnownFileType = sourcecode.swift; path = NetworkerTests.swift; sourceTree = "<group>"; };
		A4B63D1C28AB3487005A6060 /* Networker.swift */ = {isa = PBXFileReference; lastKnownFileType = sourcecode.swift; path = Networker.swift; sourceTree = "<group>"; };
		A4B63D1F28AB540E005A6060 /* MockPost.swift */ = {isa = PBXFileReference; lastKnownFileType = sourcecode.swift; path = MockPost.swift; sourceTree = "<group>"; };
		A4CD9AB128A811C500E8D2A0 /* Pokedex.app */ = {isa = PBXFileReference; explicitFileType = wrapper.application; includeInIndex = 0; path = Pokedex.app; sourceTree = BUILT_PRODUCTS_DIR; };
		A4CD9AB428A811C500E8D2A0 /* PokedexApp.swift */ = {isa = PBXFileReference; lastKnownFileType = sourcecode.swift; path = PokedexApp.swift; sourceTree = "<group>"; };
		A4CD9AB828A811C700E8D2A0 /* Assets.xcassets */ = {isa = PBXFileReference; lastKnownFileType = folder.assetcatalog; path = Assets.xcassets; sourceTree = "<group>"; };
		A4CD9ABB28A811C700E8D2A0 /* Preview Assets.xcassets */ = {isa = PBXFileReference; lastKnownFileType = folder.assetcatalog; path = "Preview Assets.xcassets"; sourceTree = "<group>"; };
		A4CD9AC128A811C700E8D2A0 /* PokedexTests.xctest */ = {isa = PBXFileReference; explicitFileType = wrapper.cfbundle; includeInIndex = 0; path = PokedexTests.xctest; sourceTree = BUILT_PRODUCTS_DIR; };
		A4CD9ADF28A81B2400E8D2A0 /* TitilliumWeb-SemiBold.ttf */ = {isa = PBXFileReference; lastKnownFileType = file; path = "TitilliumWeb-SemiBold.ttf"; sourceTree = "<group>"; };
		A4CD9AE028A81B2400E8D2A0 /* TitilliumWeb-BoldItalic.ttf */ = {isa = PBXFileReference; lastKnownFileType = file; path = "TitilliumWeb-BoldItalic.ttf"; sourceTree = "<group>"; };
		A4CD9AE128A81B2400E8D2A0 /* TitilliumWeb-ExtraLight.ttf */ = {isa = PBXFileReference; lastKnownFileType = file; path = "TitilliumWeb-ExtraLight.ttf"; sourceTree = "<group>"; };
		A4CD9AE228A81B2400E8D2A0 /* TitilliumWeb-Italic.ttf */ = {isa = PBXFileReference; lastKnownFileType = file; path = "TitilliumWeb-Italic.ttf"; sourceTree = "<group>"; };
		A4CD9AE328A81B2400E8D2A0 /* TitilliumWeb-Light.ttf */ = {isa = PBXFileReference; lastKnownFileType = file; path = "TitilliumWeb-Light.ttf"; sourceTree = "<group>"; };
		A4CD9AE428A81B2400E8D2A0 /* TitilliumWeb-Black.ttf */ = {isa = PBXFileReference; lastKnownFileType = file; path = "TitilliumWeb-Black.ttf"; sourceTree = "<group>"; };
		A4CD9AE528A81B2400E8D2A0 /* TitilliumWeb-ExtraLightItalic.ttf */ = {isa = PBXFileReference; lastKnownFileType = file; path = "TitilliumWeb-ExtraLightItalic.ttf"; sourceTree = "<group>"; };
		A4CD9AE628A81B2400E8D2A0 /* TitilliumWeb-LightItalic.ttf */ = {isa = PBXFileReference; lastKnownFileType = file; path = "TitilliumWeb-LightItalic.ttf"; sourceTree = "<group>"; };
		A4CD9AE728A81B2400E8D2A0 /* TitilliumWeb-SemiBoldItalic.ttf */ = {isa = PBXFileReference; lastKnownFileType = file; path = "TitilliumWeb-SemiBoldItalic.ttf"; sourceTree = "<group>"; };
		A4CD9AE828A81B2400E8D2A0 /* TitilliumWeb-Bold.ttf */ = {isa = PBXFileReference; lastKnownFileType = file; path = "TitilliumWeb-Bold.ttf"; sourceTree = "<group>"; };
		A4CD9AE928A81B2400E8D2A0 /* TitilliumWeb-Regular.ttf */ = {isa = PBXFileReference; lastKnownFileType = file; path = "TitilliumWeb-Regular.ttf"; sourceTree = "<group>"; };
		A4CD9AF528A81B4900E8D2A0 /* Info.plist */ = {isa = PBXFileReference; lastKnownFileType = text.plist; path = Info.plist; sourceTree = "<group>"; };
		A4CD9AF928A81C3200E8D2A0 /* Text+Extensions.swift */ = {isa = PBXFileReference; lastKnownFileType = sourcecode.swift; path = "Text+Extensions.swift"; sourceTree = "<group>"; };
		A4D116E128A9BB2E00DF5204 /* PokemonCell.swift */ = {isa = PBXFileReference; lastKnownFileType = sourcecode.swift; path = PokemonCell.swift; sourceTree = "<group>"; };
/* End PBXFileReference section */

/* Begin PBXFrameworksBuildPhase section */
		A4CD9AAE28A811C500E8D2A0 /* Frameworks */ = {
			isa = PBXFrameworksBuildPhase;
			buildActionMask = 2147483647;
			files = (
			);
			runOnlyForDeploymentPostprocessing = 0;
		};
		A4CD9ABE28A811C700E8D2A0 /* Frameworks */ = {
			isa = PBXFrameworksBuildPhase;
			buildActionMask = 2147483647;
			files = (
			);
			runOnlyForDeploymentPostprocessing = 0;
		};
/* End PBXFrameworksBuildPhase section */

/* Begin PBXGroup section */
		A46766CA28A86F060072D588 /* PokemonList */ = {
			isa = PBXGroup;
			children = (
				A46766CF28A872150072D588 /* Components */,
				A46766CB28A86F100072D588 /* PokemonListView.swift */,
				A46766D228A8773B0072D588 /* PokemonGrid.swift */,
			);
			path = PokemonList;
			sourceTree = "<group>";
		};
		A46766CF28A872150072D588 /* Components */ = {
			isa = PBXGroup;
			children = (
				A46766D028A872280072D588 /* PokemonTextField.swift */,
				A4D116E128A9BB2E00DF5204 /* PokemonCell.swift */,
			);
			path = Components;
			sourceTree = "<group>";
		};
		A4A456A028A81FE900CE5E05 /* Utils */ = {
			isa = PBXGroup;
			children = (
				A4A456A128A81FF100CE5E05 /* Configurations */,
				A4CD9AF828A81C2500E8D2A0 /* Extensions */,
			);
			path = Utils;
			sourceTree = "<group>";
		};
		A4A456A128A81FF100CE5E05 /* Configurations */ = {
			isa = PBXGroup;
			children = (
				A4A456A228A81FFE00CE5E05 /* AppConfigurations.swift */,
			);
			path = Configurations;
			sourceTree = "<group>";
		};
		A4B63CF928AB0BE7005A6060 /* PokemonDetails */ = {
			isa = PBXGroup;
			children = (
				A4B63CFA28AB0BFA005A6060 /* PokemonDetailsView.swift */,
			);
			path = PokemonDetails;
			sourceTree = "<group>";
		};
		A4B63D1728AB33FA005A6060 /* Network */ = {
			isa = PBXGroup;
			children = (
				A4B63D1C28AB3487005A6060 /* Networker.swift */,
			);
			path = Network;
			sourceTree = "<group>";
		};
		A4B63D1828AB340C005A6060 /* Cases */ = {
			isa = PBXGroup;
			children = (
				A4B63D1E28AB5403005A6060 /* TestModels */,
				A4B63D1928AB3412005A6060 /* Network */,
			);
			path = Cases;
			sourceTree = "<group>";
		};
		A4B63D1928AB3412005A6060 /* Network */ = {
			isa = PBXGroup;
			children = (
				A4B63D1A28AB3425005A6060 /* NetworkerTests.swift */,
			);
			path = Network;
			sourceTree = "<group>";
		};
		A4B63D1E28AB5403005A6060 /* TestModels */ = {
			isa = PBXGroup;
			children = (
				A4B63D1F28AB540E005A6060 /* MockPost.swift */,
			);
			path = TestModels;
			sourceTree = "<group>";
		};
		A4CD9AA828A811C500E8D2A0 = {
			isa = PBXGroup;
			children = (
				A4CD9AB328A811C500E8D2A0 /* Pokedex */,
				A4CD9AC428A811C700E8D2A0 /* PokedexTests */,
				A4CD9AB228A811C500E8D2A0 /* Products */,
			);
			sourceTree = "<group>";
		};
		A4CD9AB228A811C500E8D2A0 /* Products */ = {
			isa = PBXGroup;
			children = (
				A4CD9AB128A811C500E8D2A0 /* Pokedex.app */,
				A4CD9AC128A811C700E8D2A0 /* PokedexTests.xctest */,
			);
			name = Products;
			sourceTree = "<group>";
		};
		A4CD9AB328A811C500E8D2A0 /* Pokedex */ = {
			isa = PBXGroup;
			children = (
				A4B63D1728AB33FA005A6060 /* Network */,
				A4A456A028A81FE900CE5E05 /* Utils */,
				A4CD9AF628A81BFE00E8D2A0 /* SupportingFiles */,
				A4CD9ADE28A81B0F00E8D2A0 /* Fonts */,
				A4CD9AF728A81C1700E8D2A0 /* Views */,
				A4CD9AF528A81B4900E8D2A0 /* Info.plist */,
				A4CD9ABA28A811C700E8D2A0 /* Preview Content */,
			);
			path = Pokedex;
			sourceTree = "<group>";
		};
		A4CD9ABA28A811C700E8D2A0 /* Preview Content */ = {
			isa = PBXGroup;
			children = (
				A4CD9ABB28A811C700E8D2A0 /* Preview Assets.xcassets */,
			);
			path = "Preview Content";
			sourceTree = "<group>";
		};
		A4CD9AC428A811C700E8D2A0 /* PokedexTests */ = {
			isa = PBXGroup;
			children = (
				A4B63D1828AB340C005A6060 /* Cases */,
			);
			path = PokedexTests;
			sourceTree = "<group>";
		};
		A4CD9ADE28A81B0F00E8D2A0 /* Fonts */ = {
			isa = PBXGroup;
			children = (
				A4CD9AE428A81B2400E8D2A0 /* TitilliumWeb-Black.ttf */,
				A4CD9AE828A81B2400E8D2A0 /* TitilliumWeb-Bold.ttf */,
				A4CD9AE028A81B2400E8D2A0 /* TitilliumWeb-BoldItalic.ttf */,
				A4CD9AE128A81B2400E8D2A0 /* TitilliumWeb-ExtraLight.ttf */,
				A4CD9AE528A81B2400E8D2A0 /* TitilliumWeb-ExtraLightItalic.ttf */,
				A4CD9AE228A81B2400E8D2A0 /* TitilliumWeb-Italic.ttf */,
				A4CD9AE328A81B2400E8D2A0 /* TitilliumWeb-Light.ttf */,
				A4CD9AE628A81B2400E8D2A0 /* TitilliumWeb-LightItalic.ttf */,
				A4CD9AE928A81B2400E8D2A0 /* TitilliumWeb-Regular.ttf */,
				A4CD9ADF28A81B2400E8D2A0 /* TitilliumWeb-SemiBold.ttf */,
				A4CD9AE728A81B2400E8D2A0 /* TitilliumWeb-SemiBoldItalic.ttf */,
			);
			path = Fonts;
			sourceTree = "<group>";
		};
		A4CD9AF628A81BFE00E8D2A0 /* SupportingFiles */ = {
			isa = PBXGroup;
			children = (
				A4CD9AB428A811C500E8D2A0 /* PokedexApp.swift */,
				A4CD9AB828A811C700E8D2A0 /* Assets.xcassets */,
				A4A456A428A822C000CE5E05 /* Launch.storyboard */,
			);
			path = SupportingFiles;
			sourceTree = "<group>";
		};
		A4CD9AF728A81C1700E8D2A0 /* Views */ = {
			isa = PBXGroup;
			children = (
				A4B63CF928AB0BE7005A6060 /* PokemonDetails */,
				A46766CA28A86F060072D588 /* PokemonList */,
				A46766C828A86E480072D588 /* RootView.swift */,
			);
			path = Views;
			sourceTree = "<group>";
		};
		A4CD9AF828A81C2500E8D2A0 /* Extensions */ = {
			isa = PBXGroup;
			children = (
				A4CD9AF928A81C3200E8D2A0 /* Text+Extensions.swift */,
				A46766CD28A870AB0072D588 /* TextField+Extensions.swift */,
			);
			path = Extensions;
			sourceTree = "<group>";
		};
/* End PBXGroup section */

/* Begin PBXNativeTarget section */
		A4CD9AB028A811C500E8D2A0 /* Pokedex */ = {
			isa = PBXNativeTarget;
			buildConfigurationList = A4CD9AD528A811C700E8D2A0 /* Build configuration list for PBXNativeTarget "Pokedex" */;
			buildPhases = (
				A4CD9AAD28A811C500E8D2A0 /* Sources */,
				A4CD9AAE28A811C500E8D2A0 /* Frameworks */,
				A4CD9AAF28A811C500E8D2A0 /* Resources */,
			);
			buildRules = (
			);
			dependencies = (
			);
			name = Pokedex;
			productName = Pokedex;
			productReference = A4CD9AB128A811C500E8D2A0 /* Pokedex.app */;
			productType = "com.apple.product-type.application";
		};
		A4CD9AC028A811C700E8D2A0 /* PokedexTests */ = {
			isa = PBXNativeTarget;
			buildConfigurationList = A4CD9AD828A811C700E8D2A0 /* Build configuration list for PBXNativeTarget "PokedexTests" */;
			buildPhases = (
				A4CD9ABD28A811C700E8D2A0 /* Sources */,
				A4CD9ABE28A811C700E8D2A0 /* Frameworks */,
				A4CD9ABF28A811C700E8D2A0 /* Resources */,
			);
			buildRules = (
			);
			dependencies = (
				A4CD9AC328A811C700E8D2A0 /* PBXTargetDependency */,
			);
			name = PokedexTests;
			productName = PokedexTests;
			productReference = A4CD9AC128A811C700E8D2A0 /* PokedexTests.xctest */;
			productType = "com.apple.product-type.bundle.unit-test";
		};
/* End PBXNativeTarget section */

/* Begin PBXProject section */
		A4CD9AA928A811C500E8D2A0 /* Project object */ = {
			isa = PBXProject;
			attributes = {
				BuildIndependentTargetsInParallel = 1;
				LastSwiftUpdateCheck = 1340;
				LastUpgradeCheck = 1340;
				TargetAttributes = {
					A4CD9AB028A811C500E8D2A0 = {
						CreatedOnToolsVersion = 13.4.1;
					};
					A4CD9AC028A811C700E8D2A0 = {
						CreatedOnToolsVersion = 13.4.1;
						LastSwiftMigration = 1340;
						TestTargetID = A4CD9AB028A811C500E8D2A0;
					};
				};
			};
			buildConfigurationList = A4CD9AAC28A811C500E8D2A0 /* Build configuration list for PBXProject "Pokedex" */;
			compatibilityVersion = "Xcode 13.0";
			developmentRegion = en;
			hasScannedForEncodings = 0;
			knownRegions = (
				en,
				Base,
			);
			mainGroup = A4CD9AA828A811C500E8D2A0;
			productRefGroup = A4CD9AB228A811C500E8D2A0 /* Products */;
			projectDirPath = "";
			projectRoot = "";
			targets = (
				A4CD9AB028A811C500E8D2A0 /* Pokedex */,
				A4CD9AC028A811C700E8D2A0 /* PokedexTests */,
			);
		};
/* End PBXProject section */

/* Begin PBXResourcesBuildPhase section */
		A4CD9AAF28A811C500E8D2A0 /* Resources */ = {
			isa = PBXResourcesBuildPhase;
			buildActionMask = 2147483647;
			files = (
				A4CD9ABC28A811C700E8D2A0 /* Preview Assets.xcassets in Resources */,
				A4CD9AEC28A81B2400E8D2A0 /* TitilliumWeb-ExtraLight.ttf in Resources */,
				A4CD9AEA28A81B2400E8D2A0 /* TitilliumWeb-SemiBold.ttf in Resources */,
				A4CD9AF428A81B2400E8D2A0 /* TitilliumWeb-Regular.ttf in Resources */,
				A4CD9AEE28A81B2400E8D2A0 /* TitilliumWeb-Light.ttf in Resources */,
				A4CD9AF128A81B2400E8D2A0 /* TitilliumWeb-LightItalic.ttf in Resources */,
				A4CD9AED28A81B2400E8D2A0 /* TitilliumWeb-Italic.ttf in Resources */,
				A4CD9AF328A81B2400E8D2A0 /* TitilliumWeb-Bold.ttf in Resources */,
				A4CD9AEB28A81B2400E8D2A0 /* TitilliumWeb-BoldItalic.ttf in Resources */,
				A4CD9AF228A81B2400E8D2A0 /* TitilliumWeb-SemiBoldItalic.ttf in Resources */,
				A4CD9AB928A811C700E8D2A0 /* Assets.xcassets in Resources */,
				A4A456A528A822C000CE5E05 /* Launch.storyboard in Resources */,
				A4CD9AF028A81B2400E8D2A0 /* TitilliumWeb-ExtraLightItalic.ttf in Resources */,
				A4CD9AEF28A81B2400E8D2A0 /* TitilliumWeb-Black.ttf in Resources */,
			);
			runOnlyForDeploymentPostprocessing = 0;
		};
		A4CD9ABF28A811C700E8D2A0 /* Resources */ = {
			isa = PBXResourcesBuildPhase;
			buildActionMask = 2147483647;
			files = (
			);
			runOnlyForDeploymentPostprocessing = 0;
		};
/* End PBXResourcesBuildPhase section */

/* Begin PBXSourcesBuildPhase section */
		A4CD9AAD28A811C500E8D2A0 /* Sources */ = {
			isa = PBXSourcesBuildPhase;
			buildActionMask = 2147483647;
			files = (
				A4B63D1D28AB3487005A6060 /* Networker.swift in Sources */,
				A46766C928A86E480072D588 /* RootView.swift in Sources */,
				A4CD9AFA28A81C3200E8D2A0 /* Text+Extensions.swift in Sources */,
				A46766CC28A86F100072D588 /* PokemonListView.swift in Sources */,
				A46766D328A8773B0072D588 /* PokemonGrid.swift in Sources */,
				A46766D128A872280072D588 /* PokemonTextField.swift in Sources */,
				A4D116E228A9BB2E00DF5204 /* PokemonCell.swift in Sources */,
				A4A456A328A81FFE00CE5E05 /* AppConfigurations.swift in Sources */,
				A4B63CFB28AB0BFA005A6060 /* PokemonDetailsView.swift in Sources */,
				A4CD9AB528A811C500E8D2A0 /* PokedexApp.swift in Sources */,
				A46766CE28A870AB0072D588 /* TextField+Extensions.swift in Sources */,
			);
			runOnlyForDeploymentPostprocessing = 0;
		};
		A4CD9ABD28A811C700E8D2A0 /* Sources */ = {
			isa = PBXSourcesBuildPhase;
			buildActionMask = 2147483647;
			files = (
				A4B63D1B28AB3425005A6060 /* NetworkerTests.swift in Sources */,
				A4B63D2028AB540E005A6060 /* MockPost.swift in Sources */,
			);
			runOnlyForDeploymentPostprocessing = 0;
		};
/* End PBXSourcesBuildPhase section */

/* Begin PBXTargetDependency section */
		A4CD9AC328A811C700E8D2A0 /* PBXTargetDependency */ = {
			isa = PBXTargetDependency;
			target = A4CD9AB028A811C500E8D2A0 /* Pokedex */;
			targetProxy = A4CD9AC228A811C700E8D2A0 /* PBXContainerItemProxy */;
		};
/* End PBXTargetDependency section */

/* Begin XCBuildConfiguration section */
		A4CD9AD328A811C700E8D2A0 /* Debug */ = {
			isa = XCBuildConfiguration;
			buildSettings = {
				ALWAYS_SEARCH_USER_PATHS = NO;
				CLANG_ANALYZER_NONNULL = YES;
				CLANG_ANALYZER_NUMBER_OBJECT_CONVERSION = YES_AGGRESSIVE;
				CLANG_CXX_LANGUAGE_STANDARD = "gnu++17";
				CLANG_ENABLE_MODULES = YES;
				CLANG_ENABLE_OBJC_ARC = YES;
				CLANG_ENABLE_OBJC_WEAK = YES;
				CLANG_WARN_BLOCK_CAPTURE_AUTORELEASING = YES;
				CLANG_WARN_BOOL_CONVERSION = YES;
				CLANG_WARN_COMMA = YES;
				CLANG_WARN_CONSTANT_CONVERSION = YES;
				CLANG_WARN_DEPRECATED_OBJC_IMPLEMENTATIONS = YES;
				CLANG_WARN_DIRECT_OBJC_ISA_USAGE = YES_ERROR;
				CLANG_WARN_DOCUMENTATION_COMMENTS = YES;
				CLANG_WARN_EMPTY_BODY = YES;
				CLANG_WARN_ENUM_CONVERSION = YES;
				CLANG_WARN_INFINITE_RECURSION = YES;
				CLANG_WARN_INT_CONVERSION = YES;
				CLANG_WARN_NON_LITERAL_NULL_CONVERSION = YES;
				CLANG_WARN_OBJC_IMPLICIT_RETAIN_SELF = YES;
				CLANG_WARN_OBJC_LITERAL_CONVERSION = YES;
				CLANG_WARN_OBJC_ROOT_CLASS = YES_ERROR;
				CLANG_WARN_QUOTED_INCLUDE_IN_FRAMEWORK_HEADER = YES;
				CLANG_WARN_RANGE_LOOP_ANALYSIS = YES;
				CLANG_WARN_STRICT_PROTOTYPES = YES;
				CLANG_WARN_SUSPICIOUS_MOVE = YES;
				CLANG_WARN_UNGUARDED_AVAILABILITY = YES_AGGRESSIVE;
				CLANG_WARN_UNREACHABLE_CODE = YES;
				CLANG_WARN__DUPLICATE_METHOD_MATCH = YES;
				COPY_PHASE_STRIP = NO;
				DEBUG_INFORMATION_FORMAT = dwarf;
				ENABLE_STRICT_OBJC_MSGSEND = YES;
				ENABLE_TESTABILITY = YES;
				GCC_C_LANGUAGE_STANDARD = gnu11;
				GCC_DYNAMIC_NO_PIC = NO;
				GCC_NO_COMMON_BLOCKS = YES;
				GCC_OPTIMIZATION_LEVEL = 0;
				GCC_PREPROCESSOR_DEFINITIONS = (
					"DEBUG=1",
					"$(inherited)",
				);
				GCC_WARN_64_TO_32_BIT_CONVERSION = YES;
				GCC_WARN_ABOUT_RETURN_TYPE = YES_ERROR;
				GCC_WARN_UNDECLARED_SELECTOR = YES;
				GCC_WARN_UNINITIALIZED_AUTOS = YES_AGGRESSIVE;
				GCC_WARN_UNUSED_FUNCTION = YES;
				GCC_WARN_UNUSED_VARIABLE = YES;
				IPHONEOS_DEPLOYMENT_TARGET = 14.0;
				MTL_ENABLE_DEBUG_INFO = INCLUDE_SOURCE;
				MTL_FAST_MATH = YES;
				ONLY_ACTIVE_ARCH = YES;
				SDKROOT = iphoneos;
				SWIFT_ACTIVE_COMPILATION_CONDITIONS = DEBUG;
				SWIFT_OPTIMIZATION_LEVEL = "-Onone";
			};
			name = Debug;
		};
		A4CD9AD428A811C700E8D2A0 /* Release */ = {
			isa = XCBuildConfiguration;
			buildSettings = {
				ALWAYS_SEARCH_USER_PATHS = NO;
				CLANG_ANALYZER_NONNULL = YES;
				CLANG_ANALYZER_NUMBER_OBJECT_CONVERSION = YES_AGGRESSIVE;
				CLANG_CXX_LANGUAGE_STANDARD = "gnu++17";
				CLANG_ENABLE_MODULES = YES;
				CLANG_ENABLE_OBJC_ARC = YES;
				CLANG_ENABLE_OBJC_WEAK = YES;
				CLANG_WARN_BLOCK_CAPTURE_AUTORELEASING = YES;
				CLANG_WARN_BOOL_CONVERSION = YES;
				CLANG_WARN_COMMA = YES;
				CLANG_WARN_CONSTANT_CONVERSION = YES;
				CLANG_WARN_DEPRECATED_OBJC_IMPLEMENTATIONS = YES;
				CLANG_WARN_DIRECT_OBJC_ISA_USAGE = YES_ERROR;
				CLANG_WARN_DOCUMENTATION_COMMENTS = YES;
				CLANG_WARN_EMPTY_BODY = YES;
				CLANG_WARN_ENUM_CONVERSION = YES;
				CLANG_WARN_INFINITE_RECURSION = YES;
				CLANG_WARN_INT_CONVERSION = YES;
				CLANG_WARN_NON_LITERAL_NULL_CONVERSION = YES;
				CLANG_WARN_OBJC_IMPLICIT_RETAIN_SELF = YES;
				CLANG_WARN_OBJC_LITERAL_CONVERSION = YES;
				CLANG_WARN_OBJC_ROOT_CLASS = YES_ERROR;
				CLANG_WARN_QUOTED_INCLUDE_IN_FRAMEWORK_HEADER = YES;
				CLANG_WARN_RANGE_LOOP_ANALYSIS = YES;
				CLANG_WARN_STRICT_PROTOTYPES = YES;
				CLANG_WARN_SUSPICIOUS_MOVE = YES;
				CLANG_WARN_UNGUARDED_AVAILABILITY = YES_AGGRESSIVE;
				CLANG_WARN_UNREACHABLE_CODE = YES;
				CLANG_WARN__DUPLICATE_METHOD_MATCH = YES;
				COPY_PHASE_STRIP = NO;
				DEBUG_INFORMATION_FORMAT = "dwarf-with-dsym";
				ENABLE_NS_ASSERTIONS = NO;
				ENABLE_STRICT_OBJC_MSGSEND = YES;
				GCC_C_LANGUAGE_STANDARD = gnu11;
				GCC_NO_COMMON_BLOCKS = YES;
				GCC_WARN_64_TO_32_BIT_CONVERSION = YES;
				GCC_WARN_ABOUT_RETURN_TYPE = YES_ERROR;
				GCC_WARN_UNDECLARED_SELECTOR = YES;
				GCC_WARN_UNINITIALIZED_AUTOS = YES_AGGRESSIVE;
				GCC_WARN_UNUSED_FUNCTION = YES;
				GCC_WARN_UNUSED_VARIABLE = YES;
				IPHONEOS_DEPLOYMENT_TARGET = 14.0;
				MTL_ENABLE_DEBUG_INFO = NO;
				MTL_FAST_MATH = YES;
				SDKROOT = iphoneos;
				SWIFT_COMPILATION_MODE = wholemodule;
				SWIFT_OPTIMIZATION_LEVEL = "-O";
				VALIDATE_PRODUCT = YES;
			};
			name = Release;
		};
		A4CD9AD628A811C700E8D2A0 /* Debug */ = {
			isa = XCBuildConfiguration;
			buildSettings = {
				ASSETCATALOG_COMPILER_APPICON_NAME = AppIcon;
				ASSETCATALOG_COMPILER_GLOBAL_ACCENT_COLOR_NAME = AccentColor;
				CODE_SIGN_STYLE = Automatic;
				CURRENT_PROJECT_VERSION = 1;
				DEVELOPMENT_ASSET_PATHS = "\"Pokedex/Preview Content\"";
				DEVELOPMENT_TEAM = 5P4JJDT7CR;
				ENABLE_PREVIEWS = YES;
				GENERATE_INFOPLIST_FILE = YES;
				INFOPLIST_FILE = Pokedex/Info.plist;
				INFOPLIST_KEY_UIApplicationSceneManifest_Generation = YES;
				INFOPLIST_KEY_UIApplicationSupportsIndirectInputEvents = YES;
				INFOPLIST_KEY_UILaunchScreen_Generation = YES;
				INFOPLIST_KEY_UILaunchStoryboardName = Launch;
				INFOPLIST_KEY_UISupportedInterfaceOrientations_iPad = "UIInterfaceOrientationPortrait UIInterfaceOrientationPortraitUpsideDown UIInterfaceOrientationLandscapeLeft UIInterfaceOrientationLandscapeRight";
				INFOPLIST_KEY_UISupportedInterfaceOrientations_iPhone = "UIInterfaceOrientationPortrait UIInterfaceOrientationLandscapeLeft UIInterfaceOrientationLandscapeRight";
				LD_RUNPATH_SEARCH_PATHS = (
					"$(inherited)",
					"@executable_path/Frameworks",
				);
				MARKETING_VERSION = 1.0;
				PRODUCT_BUNDLE_IDENTIFIER = com.urielh.Pokedex;
				PRODUCT_NAME = "$(TARGET_NAME)";
				SWIFT_EMIT_LOC_STRINGS = YES;
				SWIFT_VERSION = 5.0;
				TARGETED_DEVICE_FAMILY = 1;
			};
			name = Debug;
		};
		A4CD9AD728A811C700E8D2A0 /* Release */ = {
			isa = XCBuildConfiguration;
			buildSettings = {
				ASSETCATALOG_COMPILER_APPICON_NAME = AppIcon;
				ASSETCATALOG_COMPILER_GLOBAL_ACCENT_COLOR_NAME = AccentColor;
				CODE_SIGN_STYLE = Automatic;
				CURRENT_PROJECT_VERSION = 1;
				DEVELOPMENT_ASSET_PATHS = "\"Pokedex/Preview Content\"";
				DEVELOPMENT_TEAM = 5P4JJDT7CR;
				ENABLE_PREVIEWS = YES;
				GENERATE_INFOPLIST_FILE = YES;
				INFOPLIST_FILE = Pokedex/Info.plist;
				INFOPLIST_KEY_UIApplicationSceneManifest_Generation = YES;
				INFOPLIST_KEY_UIApplicationSupportsIndirectInputEvents = YES;
				INFOPLIST_KEY_UILaunchScreen_Generation = YES;
				INFOPLIST_KEY_UILaunchStoryboardName = Launch;
				INFOPLIST_KEY_UISupportedInterfaceOrientations_iPad = "UIInterfaceOrientationPortrait UIInterfaceOrientationPortraitUpsideDown UIInterfaceOrientationLandscapeLeft UIInterfaceOrientationLandscapeRight";
				INFOPLIST_KEY_UISupportedInterfaceOrientations_iPhone = "UIInterfaceOrientationPortrait UIInterfaceOrientationLandscapeLeft UIInterfaceOrientationLandscapeRight";
				LD_RUNPATH_SEARCH_PATHS = (
					"$(inherited)",
					"@executable_path/Frameworks",
				);
				MARKETING_VERSION = 1.0;
				PRODUCT_BUNDLE_IDENTIFIER = com.urielh.Pokedex;
				PRODUCT_NAME = "$(TARGET_NAME)";
				SWIFT_EMIT_LOC_STRINGS = YES;
				SWIFT_VERSION = 5.0;
				TARGETED_DEVICE_FAMILY = 1;
			};
			name = Release;
		};
		A4CD9AD928A811C700E8D2A0 /* Debug */ = {
			isa = XCBuildConfiguration;
			buildSettings = {
				ALWAYS_EMBED_SWIFT_STANDARD_LIBRARIES = YES;
				BUNDLE_LOADER = "$(TEST_HOST)";
				CLANG_ENABLE_MODULES = YES;
				CODE_SIGN_STYLE = Automatic;
				CURRENT_PROJECT_VERSION = 1;
				DEVELOPMENT_TEAM = 5P4JJDT7CR;
				GENERATE_INFOPLIST_FILE = YES;
				IPHONEOS_DEPLOYMENT_TARGET = 15.5;
				LD_RUNPATH_SEARCH_PATHS = (
					"$(inherited)",
					"@executable_path/Frameworks",
					"@loader_path/Frameworks",
				);
				MARKETING_VERSION = 1.0;
				PRODUCT_BUNDLE_IDENTIFIER = com.urielh.PokedexTests;
				PRODUCT_NAME = "$(TARGET_NAME)";
				SWIFT_EMIT_LOC_STRINGS = NO;
				SWIFT_OPTIMIZATION_LEVEL = "-Onone";
				SWIFT_VERSION = 5.0;
				TARGETED_DEVICE_FAMILY = "1,2";
				TEST_HOST = "$(BUILT_PRODUCTS_DIR)/Pokedex.app/Pokedex";
			};
			name = Debug;
		};
		A4CD9ADA28A811C700E8D2A0 /* Release */ = {
			isa = XCBuildConfiguration;
			buildSettings = {
				ALWAYS_EMBED_SWIFT_STANDARD_LIBRARIES = YES;
				BUNDLE_LOADER = "$(TEST_HOST)";
				CLANG_ENABLE_MODULES = YES;
				CODE_SIGN_STYLE = Automatic;
				CURRENT_PROJECT_VERSION = 1;
				DEVELOPMENT_TEAM = 5P4JJDT7CR;
				GENERATE_INFOPLIST_FILE = YES;
				IPHONEOS_DEPLOYMENT_TARGET = 15.5;
				LD_RUNPATH_SEARCH_PATHS = (
					"$(inherited)",
					"@executable_path/Frameworks",
					"@loader_path/Frameworks",
				);
				MARKETING_VERSION = 1.0;
				PRODUCT_BUNDLE_IDENTIFIER = com.urielh.PokedexTests;
				PRODUCT_NAME = "$(TARGET_NAME)";
				SWIFT_EMIT_LOC_STRINGS = NO;
				SWIFT_VERSION = 5.0;
				TARGETED_DEVICE_FAMILY = "1,2";
				TEST_HOST = "$(BUILT_PRODUCTS_DIR)/Pokedex.app/Pokedex";
			};
			name = Release;
		};
/* End XCBuildConfiguration section */

/* Begin XCConfigurationList section */
		A4CD9AAC28A811C500E8D2A0 /* Build configuration list for PBXProject "Pokedex" */ = {
			isa = XCConfigurationList;
			buildConfigurations = (
				A4CD9AD328A811C700E8D2A0 /* Debug */,
				A4CD9AD428A811C700E8D2A0 /* Release */,
			);
			defaultConfigurationIsVisible = 0;
			defaultConfigurationName = Release;
		};
		A4CD9AD528A811C700E8D2A0 /* Build configuration list for PBXNativeTarget "Pokedex" */ = {
			isa = XCConfigurationList;
			buildConfigurations = (
				A4CD9AD628A811C700E8D2A0 /* Debug */,
				A4CD9AD728A811C700E8D2A0 /* Release */,
			);
			defaultConfigurationIsVisible = 0;
			defaultConfigurationName = Release;
		};
		A4CD9AD828A811C700E8D2A0 /* Build configuration list for PBXNativeTarget "PokedexTests" */ = {
			isa = XCConfigurationList;
			buildConfigurations = (
				A4CD9AD928A811C700E8D2A0 /* Debug */,
				A4CD9ADA28A811C700E8D2A0 /* Release */,
			);
			defaultConfigurationIsVisible = 0;
			defaultConfigurationName = Release;
		};
/* End XCConfigurationList section */
	};
	rootObject = A4CD9AA928A811C500E8D2A0 /* Project object */;
}
